
Microsoft Visual Studio Solution File, Format Version 12.00
# Visual Studio Version 17
VisualStudioVersion = 17.4.33110.190
MinimumVisualStudioVersion = 10.0.40219.1
Project("{9A19103F-16F7-4668-BE54-9A1E7A4F7556}") = "Shop.DAL", "Shop.DAL\Shop.DAL.csproj", "{578A307B-B741-4E29-BC0D-B6C7C03EAF01}"
EndProject
Project("{9A19103F-16F7-4668-BE54-9A1E7A4F7556}") = "ShopAPI", "ShopAPI\ShopAPI.csproj", "{FC70E17D-16A3-4E06-BBAE-614A499F771D}"
EndProject
Project("{FAE04EC0-301F-11D3-BF4B-00C04F79EFBC}") = "ShopBLL", "ShopBLL\ShopBLL.csproj", "{8ABA4BC7-A780-46FF-A3D6-23577A717DC2}"
EndProject
Global
	GlobalSection(SolutionConfigurationPlatforms) = preSolution
		Debug|Any CPU = Debug|Any CPU
		Release|Any CPU = Release|Any CPU
	EndGlobalSection
	GlobalSection(ProjectConfigurationPlatforms) = postSolution
		{578A307B-B741-4E29-BC0D-B6C7C03EAF01}.Debug|Any CPU.ActiveCfg = Debug|Any CPU
		{578A307B-B741-4E29-BC0D-B6C7C03EAF01}.Debug|Any CPU.Build.0 = Debug|Any CPU
		{578A307B-B741-4E29-BC0D-B6C7C03EAF01}.Release|Any CPU.ActiveCfg = Release|Any CPU
		{578A307B-B741-4E29-BC0D-B6C7C03EAF01}.Release|Any CPU.Build.0 = Release|Any CPU
		{FC70E17D-16A3-4E06-BBAE-614A499F771D}.Debug|Any CPU.ActiveCfg = Debug|Any CPU
		{FC70E17D-16A3-4E06-BBAE-614A499F771D}.Debug|Any CPU.Build.0 = Debug|Any CPU
		{FC70E17D-16A3-4E06-BBAE-614A499F771D}.Release|Any CPU.ActiveCfg = Release|Any CPU
		{FC70E17D-16A3-4E06-BBAE-614A499F771D}.Release|Any CPU.Build.0 = Release|Any CPU
		{8ABA4BC7-A780-46FF-A3D6-23577A717DC2}.Debug|Any CPU.ActiveCfg = Debug|Any CPU
		{8ABA4BC7-A780-46FF-A3D6-23577A717DC2}.Debug|Any CPU.Build.0 = Debug|Any CPU
		{8ABA4BC7-A780-46FF-A3D6-23577A717DC2}.Release|Any CPU.ActiveCfg = Release|Any CPU
		{8ABA4BC7-A780-46FF-A3D6-23577A717DC2}.Release|Any CPU.Build.0 = Release|Any CPU
	EndGlobalSection
	GlobalSection(SolutionProperties) = preSolution
		HideSolutionNode = FALSE
	EndGlobalSection
	GlobalSection(ExtensibilityGlobals) = postSolution
		SolutionGuid = {4443A2C1-4FC5-44B0-A908-E17C660504B1}
	EndGlobalSection
EndGlobal
